
Microsoft Visual Studio Solution File, Format Version 11.00
# Visual Studio 2010
# SharpDevelop 5.1
Project("{FAE04EC0-301F-11D3-BF4B-00C04F79EFBC}") = "lingva-translate", "lingva-translate\lingva-translate.csproj", "{EFCDCDBB-703B-4797-88FD-642FD4227FF2}"
EndProject
Global
	GlobalSection(SolutionConfigurationPlatforms) = preSolution
		Debug|Any CPU = Debug|Any CPU
		Release|Any CPU = Release|Any CPU
	EndGlobalSection
	GlobalSection(ProjectConfigurationPlatforms) = postSolution
		{EFCDCDBB-703B-4797-88FD-642FD4227FF2}.Debug|Any CPU.ActiveCfg = Debug|Any CPU
		{EFCDCDBB-703B-4797-88FD-642FD4227FF2}.Debug|Any CPU.Build.0 = Debug|Any CPU
		{EFCDCDBB-703B-4797-88FD-642FD4227FF2}.Release|Any CPU.ActiveCfg = Release|Any CPU
		{EFCDCDBB-703B-4797-88FD-642FD4227FF2}.Release|Any CPU.Build.0 = Release|Any CPU
	EndGlobalSection
EndGlobal
