
Microsoft Visual Studio Solution File, Format Version 11.00
# Visual Studio 2010
# SharpDevelop 5.1
Project("{FAE04EC0-301F-11D3-BF4B-00C04F79EFBC}") = "huyan", "huyan\huyan.csproj", "{BEFB3CD0-1511-43BD-A0A1-F4CB1ABB4CCC}"
EndProject
Global
	GlobalSection(SolutionConfigurationPlatforms) = preSolution
		Debug|Any CPU = Debug|Any CPU
		Release|Any CPU = Release|Any CPU
	EndGlobalSection
	GlobalSection(ProjectConfigurationPlatforms) = postSolution
		{BEFB3CD0-1511-43BD-A0A1-F4CB1ABB4CCC}.Debug|Any CPU.ActiveCfg = Debug|Any CPU
		{BEFB3CD0-1511-43BD-A0A1-F4CB1ABB4CCC}.Debug|Any CPU.Build.0 = Debug|Any CPU
		{BEFB3CD0-1511-43BD-A0A1-F4CB1ABB4CCC}.Release|Any CPU.ActiveCfg = Release|Any CPU
		{BEFB3CD0-1511-43BD-A0A1-F4CB1ABB4CCC}.Release|Any CPU.Build.0 = Release|Any CPU
	EndGlobalSection
EndGlobal
