
Microsoft Visual Studio Solution File, Format Version 11.00
# Visual Studio 2010
# SharpDevelop 5.1
Project("{FAE04EC0-301F-11D3-BF4B-00C04F79EFBC}") = "tianqi", "tianqi\tianqi.csproj", "{DE05E78A-5E85-4922-A17C-381B9A6B2A0C}"
EndProject
Global
	GlobalSection(SolutionConfigurationPlatforms) = preSolution
		Debug|Any CPU = Debug|Any CPU
		Release|Any CPU = Release|Any CPU
	EndGlobalSection
	GlobalSection(ProjectConfigurationPlatforms) = postSolution
		{DE05E78A-5E85-4922-A17C-381B9A6B2A0C}.Debug|Any CPU.ActiveCfg = Debug|Any CPU
		{DE05E78A-5E85-4922-A17C-381B9A6B2A0C}.Debug|Any CPU.Build.0 = Debug|Any CPU
		{DE05E78A-5E85-4922-A17C-381B9A6B2A0C}.Release|Any CPU.ActiveCfg = Release|Any CPU
		{DE05E78A-5E85-4922-A17C-381B9A6B2A0C}.Release|Any CPU.Build.0 = Release|Any CPU
	EndGlobalSection
EndGlobal
