
Microsoft Visual Studio Solution File, Format Version 11.00
# Visual Studio 2010
# SharpDevelop 5.1
Project("{FAE04EC0-301F-11D3-BF4B-00C04F79EFBC}") = "freeWeather", "freeWeather\freeWeather.csproj", "{235031CC-97D6-4BE5-8922-15C32F4D8E0A}"
EndProject
Global
	GlobalSection(SolutionConfigurationPlatforms) = preSolution
		Debug|Any CPU = Debug|Any CPU
		Release|Any CPU = Release|Any CPU
	EndGlobalSection
	GlobalSection(ProjectConfigurationPlatforms) = postSolution
		{235031CC-97D6-4BE5-8922-15C32F4D8E0A}.Debug|Any CPU.ActiveCfg = Debug|Any CPU
		{235031CC-97D6-4BE5-8922-15C32F4D8E0A}.Debug|Any CPU.Build.0 = Debug|Any CPU
		{235031CC-97D6-4BE5-8922-15C32F4D8E0A}.Release|Any CPU.ActiveCfg = Release|Any CPU
		{235031CC-97D6-4BE5-8922-15C32F4D8E0A}.Release|Any CPU.Build.0 = Release|Any CPU
	EndGlobalSection
EndGlobal
